// !$*UTF8*$!
{
	archiveVersion = 1;
	classes = {
	};
	objectVersion = 50;
	objects = {

/* Begin PBXBuildFile section */
		00A8FBAA3F3E92AB0BF18CDF /* Pods_theia_ios.framework in Frameworks */ = {isa = PBXBuildFile; fileRef = 8521DE27C616EDEEBB804FCA /* Pods_theia_ios.framework */; };
		2604F82622273BAB00582707 /* ProcessingViewController+FrameExtractor.swift in Sources */ = {isa = PBXBuildFile; fileRef = 269A281121C265E30001A4C4 /* ProcessingViewController+FrameExtractor.swift */; };
		261928182189B68B001734BD /* MainViewController+SpeechToText.swift in Sources */ = {isa = PBXBuildFile; fileRef = 261928172189B68B001734BD /* MainViewController+SpeechToText.swift */; };
		262477E122284F050092D234 /* LBPClassifier.mlmodel in Sources */ = {isa = PBXBuildFile; fileRef = 262477E022284F050092D234 /* LBPClassifier.mlmodel */; };
		262C778F2227F84900E402BF /* CGImagePropertyOrientation.swift in Sources */ = {isa = PBXBuildFile; fileRef = 262C778E2227F84900E402BF /* CGImagePropertyOrientation.swift */; };
		2635653421C031A1007BAF67 /* THKey.swift in Sources */ = {isa = PBXBuildFile; fileRef = 2635653321C031A1007BAF67 /* THKey.swift */; };
		26360D2C218DFD4600565EBA /* THSpeechSynthesizer.swift in Sources */ = {isa = PBXBuildFile; fileRef = 26360D2B218DFD4600565EBA /* THSpeechSynthesizer.swift */; };
		2636340E219622190026E463 /* THFrameExtractor.swift in Sources */ = {isa = PBXBuildFile; fileRef = 2636340D219622190026E463 /* THFrameExtractor.swift */; };
		264CF38B219A3FBE008535B1 /* ImageLabellingViewController.swift in Sources */ = {isa = PBXBuildFile; fileRef = 264CF38A219A3FBE008535B1 /* ImageLabellingViewController.swift */; };
		2657DA5E2188664800F45147 /* MainViewController+Commands.swift in Sources */ = {isa = PBXBuildFile; fileRef = 2657DA5D2188664800F45147 /* MainViewController+Commands.swift */; };
		2657DCBF219D9B7A009020CB /* Nunito-Bold.ttf in Resources */ = {isa = PBXBuildFile; fileRef = 2657DCB8219D96A9009020CB /* Nunito-Bold.ttf */; };
		2657DCC0219D9B7A009020CB /* Nunito-ExtraBold.ttf in Resources */ = {isa = PBXBuildFile; fileRef = 2657DCB7219D96A9009020CB /* Nunito-ExtraBold.ttf */; };
		2657DCC1219D9B7A009020CB /* Nunito-Regular.ttf in Resources */ = {isa = PBXBuildFile; fileRef = 2657DCB9219D96A9009020CB /* Nunito-Regular.ttf */; };
		2657DCC2219D9B7A009020CB /* Nunito-SemiBold.ttf in Resources */ = {isa = PBXBuildFile; fileRef = 2657DCB6219D96A9009020CB /* Nunito-SemiBold.ttf */; };
		2667937822451C05005BB02A /* ColorLabellingViewController.swift in Sources */ = {isa = PBXBuildFile; fileRef = 2667937722451C05005BB02A /* ColorLabellingViewController.swift */; };
		266C6AC821C5A6C000B52E8A /* String.swift in Sources */ = {isa = PBXBuildFile; fileRef = 266C6AC721C5A6C000B52E8A /* String.swift */; };
		266E42E22218E1A70049CC41 /* GoogleService-Info.plist in Resources */ = {isa = PBXBuildFile; fileRef = 266E42E12218E1A70049CC41 /* GoogleService-Info.plist */; };
		2671BC8D2217ACA40020E964 /* CurrencyLabellingViewController.swift in Sources */ = {isa = PBXBuildFile; fileRef = 2671BC8C2217ACA40020E964 /* CurrencyLabellingViewController.swift */; };
		269A281721C2D0C00001A4C4 /* ProcessingViewController+Gestures.swift in Sources */ = {isa = PBXBuildFile; fileRef = 261606D721BD135C00219637 /* ProcessingViewController+Gestures.swift */; };
		26AFCA0E219DCD33005F89AF /* ProcessingViewController.swift in Sources */ = {isa = PBXBuildFile; fileRef = 26AFCA0D219DCD33005F89AF /* ProcessingViewController.swift */; };
		26AFCA10219DD486005F89AF /* TextRecognitionViewController.swift in Sources */ = {isa = PBXBuildFile; fileRef = 26AFCA0F219DD486005F89AF /* TextRecognitionViewController.swift */; };
		26B07E822231EA2A002F831C /* MainViewController+Onboarding.swift in Sources */ = {isa = PBXBuildFile; fileRef = 26B07E812231EA2A002F831C /* MainViewController+Onboarding.swift */; };
		26B07E842231ED40002F831C /* THColor.swift in Sources */ = {isa = PBXBuildFile; fileRef = 26B07E832231ED40002F831C /* THColor.swift */; };
		26B57708219C998400CEACB8 /* THUtilities.swift in Sources */ = {isa = PBXBuildFile; fileRef = 26B57707219C998400CEACB8 /* THUtilities.swift */; };
		26DD464F215FEAF5000B10E5 /* AppDelegate.swift in Sources */ = {isa = PBXBuildFile; fileRef = 26DD464E215FEAF5000B10E5 /* AppDelegate.swift */; };
		26DD4654215FEAF5000B10E5 /* Main.storyboard in Resources */ = {isa = PBXBuildFile; fileRef = 26DD4652215FEAF5000B10E5 /* Main.storyboard */; };
		26DD4656215FEAF6000B10E5 /* Assets.xcassets in Resources */ = {isa = PBXBuildFile; fileRef = 26DD4655215FEAF6000B10E5 /* Assets.xcassets */; };
		26DD4659215FEAF6000B10E5 /* LaunchScreen.storyboard in Resources */ = {isa = PBXBuildFile; fileRef = 26DD4657215FEAF6000B10E5 /* LaunchScreen.storyboard */; };
		26DD4667215FED65000B10E5 /* MainViewController.swift in Sources */ = {isa = PBXBuildFile; fileRef = 26DD4666215FED65000B10E5 /* MainViewController.swift */; };
		26E8A31C2229FD4700ADF971 /* voice.json in Resources */ = {isa = PBXBuildFile; fileRef = 26E8A31B2229FD4700ADF971 /* voice.json */; };
/* End PBXBuildFile section */

/* Begin PBXCopyFilesBuildPhase section */
		26916CEE21A2445400239DA8 /* Embed App Extensions */ = {
			isa = PBXCopyFilesBuildPhase;
			buildActionMask = 2147483647;
			dstPath = "";
			dstSubfolderSpec = 13;
			files = (
			);
			name = "Embed App Extensions";
			runOnlyForDeploymentPostprocessing = 0;
		};
/* End PBXCopyFilesBuildPhase section */

/* Begin PBXFileReference section */
		261606D721BD135C00219637 /* ProcessingViewController+Gestures.swift */ = {isa = PBXFileReference; lastKnownFileType = sourcecode.swift; path = "ProcessingViewController+Gestures.swift"; sourceTree = "<group>"; };
		261928172189B68B001734BD /* MainViewController+SpeechToText.swift */ = {isa = PBXFileReference; lastKnownFileType = sourcecode.swift; path = "MainViewController+SpeechToText.swift"; sourceTree = "<group>"; };
		262477E022284F050092D234 /* LBPClassifier.mlmodel */ = {isa = PBXFileReference; lastKnownFileType = file.mlmodel; path = LBPClassifier.mlmodel; sourceTree = "<group>"; };
		262C778E2227F84900E402BF /* CGImagePropertyOrientation.swift */ = {isa = PBXFileReference; lastKnownFileType = sourcecode.swift; path = CGImagePropertyOrientation.swift; sourceTree = "<group>"; };
		2635653321C031A1007BAF67 /* THKey.swift */ = {isa = PBXFileReference; lastKnownFileType = sourcecode.swift; path = THKey.swift; sourceTree = "<group>"; };
		26360D2B218DFD4600565EBA /* THSpeechSynthesizer.swift */ = {isa = PBXFileReference; lastKnownFileType = sourcecode.swift; path = THSpeechSynthesizer.swift; sourceTree = "<group>"; };
		2636340D219622190026E463 /* THFrameExtractor.swift */ = {isa = PBXFileReference; fileEncoding = 4; lastKnownFileType = sourcecode.swift; path = THFrameExtractor.swift; sourceTree = "<group>"; };
		264CF38A219A3FBE008535B1 /* ImageLabellingViewController.swift */ = {isa = PBXFileReference; lastKnownFileType = sourcecode.swift; path = ImageLabellingViewController.swift; sourceTree = "<group>"; };
		2657DA5D2188664800F45147 /* MainViewController+Commands.swift */ = {isa = PBXFileReference; lastKnownFileType = sourcecode.swift; path = "MainViewController+Commands.swift"; sourceTree = "<group>"; };
		2657DCB6219D96A9009020CB /* Nunito-SemiBold.ttf */ = {isa = PBXFileReference; lastKnownFileType = file; path = "Nunito-SemiBold.ttf"; sourceTree = "<group>"; };
		2657DCB7219D96A9009020CB /* Nunito-ExtraBold.ttf */ = {isa = PBXFileReference; lastKnownFileType = file; path = "Nunito-ExtraBold.ttf"; sourceTree = "<group>"; };
		2657DCB8219D96A9009020CB /* Nunito-Bold.ttf */ = {isa = PBXFileReference; lastKnownFileType = file; path = "Nunito-Bold.ttf"; sourceTree = "<group>"; };
		2657DCB9219D96A9009020CB /* Nunito-Regular.ttf */ = {isa = PBXFileReference; lastKnownFileType = file; path = "Nunito-Regular.ttf"; sourceTree = "<group>"; };
		2667937722451C05005BB02A /* ColorLabellingViewController.swift */ = {isa = PBXFileReference; lastKnownFileType = sourcecode.swift; path = ColorLabellingViewController.swift; sourceTree = "<group>"; };
		266C6AC721C5A6C000B52E8A /* String.swift */ = {isa = PBXFileReference; lastKnownFileType = sourcecode.swift; path = String.swift; sourceTree = "<group>"; };
		266E42E12218E1A70049CC41 /* GoogleService-Info.plist */ = {isa = PBXFileReference; fileEncoding = 4; lastKnownFileType = text.plist.xml; path = "GoogleService-Info.plist"; sourceTree = "<group>"; };
		2671BC8C2217ACA40020E964 /* CurrencyLabellingViewController.swift */ = {isa = PBXFileReference; lastKnownFileType = sourcecode.swift; path = CurrencyLabellingViewController.swift; sourceTree = "<group>"; };
		269A281121C265E30001A4C4 /* ProcessingViewController+FrameExtractor.swift */ = {isa = PBXFileReference; lastKnownFileType = sourcecode.swift; path = "ProcessingViewController+FrameExtractor.swift"; sourceTree = "<group>"; };
		26AFCA0D219DCD33005F89AF /* ProcessingViewController.swift */ = {isa = PBXFileReference; lastKnownFileType = sourcecode.swift; path = ProcessingViewController.swift; sourceTree = "<group>"; };
		26AFCA0F219DD486005F89AF /* TextRecognitionViewController.swift */ = {isa = PBXFileReference; lastKnownFileType = sourcecode.swift; path = TextRecognitionViewController.swift; sourceTree = "<group>"; };
		26B07E812231EA2A002F831C /* MainViewController+Onboarding.swift */ = {isa = PBXFileReference; lastKnownFileType = sourcecode.swift; path = "MainViewController+Onboarding.swift"; sourceTree = "<group>"; };
		26B07E832231ED40002F831C /* THColor.swift */ = {isa = PBXFileReference; lastKnownFileType = sourcecode.swift; path = THColor.swift; sourceTree = "<group>"; };
		26B57707219C998400CEACB8 /* THUtilities.swift */ = {isa = PBXFileReference; lastKnownFileType = sourcecode.swift; path = THUtilities.swift; sourceTree = "<group>"; };
		26DD464B215FEAF5000B10E5 /* theia-ios.app */ = {isa = PBXFileReference; explicitFileType = wrapper.application; includeInIndex = 0; path = "theia-ios.app"; sourceTree = BUILT_PRODUCTS_DIR; };
		26DD464E215FEAF5000B10E5 /* AppDelegate.swift */ = {isa = PBXFileReference; lastKnownFileType = sourcecode.swift; path = AppDelegate.swift; sourceTree = "<group>"; };
		26DD4653215FEAF5000B10E5 /* Base */ = {isa = PBXFileReference; lastKnownFileType = file.storyboard; name = Base; path = Base.lproj/Main.storyboard; sourceTree = "<group>"; };
		26DD4655215FEAF6000B10E5 /* Assets.xcassets */ = {isa = PBXFileReference; lastKnownFileType = folder.assetcatalog; path = Assets.xcassets; sourceTree = "<group>"; };
		26DD4658215FEAF6000B10E5 /* Base */ = {isa = PBXFileReference; lastKnownFileType = file.storyboard; name = Base; path = Base.lproj/LaunchScreen.storyboard; sourceTree = "<group>"; };
		26DD465A215FEAF6000B10E5 /* Info.plist */ = {isa = PBXFileReference; lastKnownFileType = text.plist.xml; path = Info.plist; sourceTree = "<group>"; };
		26DD4666215FED65000B10E5 /* MainViewController.swift */ = {isa = PBXFileReference; lastKnownFileType = sourcecode.swift; path = MainViewController.swift; sourceTree = "<group>"; };
		26DD4669215FEDAB000B10E5 /* Theia-Bridging-Header.h */ = {isa = PBXFileReference; lastKnownFileType = sourcecode.c.h; path = "Theia-Bridging-Header.h"; sourceTree = "<group>"; };
		26E8A31B2229FD4700ADF971 /* voice.json */ = {isa = PBXFileReference; fileEncoding = 4; lastKnownFileType = text.json; path = voice.json; sourceTree = "<group>"; };
		3AC851D2D4756778F8EB74B5 /* Pods-theia-ios.debug.xcconfig */ = {isa = PBXFileReference; includeInIndex = 1; lastKnownFileType = text.xcconfig; name = "Pods-theia-ios.debug.xcconfig"; path = "Target Support Files/Pods-theia-ios/Pods-theia-ios.debug.xcconfig"; sourceTree = "<group>"; };
		8521DE27C616EDEEBB804FCA /* Pods_theia_ios.framework */ = {isa = PBXFileReference; explicitFileType = wrapper.framework; includeInIndex = 0; path = Pods_theia_ios.framework; sourceTree = BUILT_PRODUCTS_DIR; };
		8D8D14B55606F86F56B626DC /* Pods-theia-ios.release.xcconfig */ = {isa = PBXFileReference; includeInIndex = 1; lastKnownFileType = text.xcconfig; name = "Pods-theia-ios.release.xcconfig"; path = "Target Support Files/Pods-theia-ios/Pods-theia-ios.release.xcconfig"; sourceTree = "<group>"; };
/* End PBXFileReference section */

/* Begin PBXFrameworksBuildPhase section */
		26DD4648215FEAF5000B10E5 /* Frameworks */ = {
			isa = PBXFrameworksBuildPhase;
			buildActionMask = 2147483647;
			files = (
				00A8FBAA3F3E92AB0BF18CDF /* Pods_theia_ios.framework in Frameworks */,
			);
			runOnlyForDeploymentPostprocessing = 0;
		};
/* End PBXFrameworksBuildPhase section */

/* Begin PBXGroup section */
		26360D2A218DFD2900565EBA /* Models */ = {
			isa = PBXGroup;
			children = (
				2636340D219622190026E463 /* THFrameExtractor.swift */,
				26360D2B218DFD4600565EBA /* THSpeechSynthesizer.swift */,
			);
			path = Models;
			sourceTree = "<group>";
		};
		2657DCB3219D9688009020CB /* Fonts */ = {
			isa = PBXGroup;
			children = (
				2657DCBE219D96AD009020CB /* Nunito */,
			);
			path = Fonts;
			sourceTree = "<group>";
		};
		2657DCBE219D96AD009020CB /* Nunito */ = {
			isa = PBXGroup;
			children = (
				2657DCB8219D96A9009020CB /* Nunito-Bold.ttf */,
				2657DCB7219D96A9009020CB /* Nunito-ExtraBold.ttf */,
				2657DCB9219D96A9009020CB /* Nunito-Regular.ttf */,
				2657DCB6219D96A9009020CB /* Nunito-SemiBold.ttf */,
			);
			path = Nunito;
			sourceTree = "<group>";
		};
		266C6AC621C5A6AF00B52E8A /* Extensions */ = {
			isa = PBXGroup;
			children = (
				262C778E2227F84900E402BF /* CGImagePropertyOrientation.swift */,
				266C6AC721C5A6C000B52E8A /* String.swift */,
			);
			path = Extensions;
			sourceTree = "<group>";
		};
		269A281521C2CAE60001A4C4 /* MainViewController */ = {
			isa = PBXGroup;
			children = (
				26DD4666215FED65000B10E5 /* MainViewController.swift */,
				2657DA5D2188664800F45147 /* MainViewController+Commands.swift */,
				26B07E812231EA2A002F831C /* MainViewController+Onboarding.swift */,
				261928172189B68B001734BD /* MainViewController+SpeechToText.swift */,
			);
			path = MainViewController;
			sourceTree = "<group>";
		};
		269A281621C2CAF30001A4C4 /* ProcessingViewController */ = {
			isa = PBXGroup;
			children = (
				26AFCA0D219DCD33005F89AF /* ProcessingViewController.swift */,
				261606D721BD135C00219637 /* ProcessingViewController+Gestures.swift */,
				269A281121C265E30001A4C4 /* ProcessingViewController+FrameExtractor.swift */,
			);
			path = ProcessingViewController;
			sourceTree = "<group>";
		};
		26DD4642215FEAF5000B10E5 = {
			isa = PBXGroup;
			children = (
				26DD464D215FEAF5000B10E5 /* theia-ios */,
				26DD464C215FEAF5000B10E5 /* Products */,
				41476F3E6147AC16699880AC /* Pods */,
				F931E9D7830062CDCC0BA7E0 /* Frameworks */,
			);
			sourceTree = "<group>";
		};
		26DD464C215FEAF5000B10E5 /* Products */ = {
			isa = PBXGroup;
			children = (
				26DD464B215FEAF5000B10E5 /* theia-ios.app */,
			);
			name = Products;
			sourceTree = "<group>";
		};
		26DD464D215FEAF5000B10E5 /* theia-ios */ = {
			isa = PBXGroup;
			children = (
				26DD4662215FEB99000B10E5 /* Controllers */,
				266C6AC621C5A6AF00B52E8A /* Extensions */,
				26DD466A215FF5D7000B10E5 /* Helpers */,
				26360D2A218DFD2900565EBA /* Models */,
				26ED167A221855D300B4BB9D /* Resources */,
				26DD4663215FEBA3000B10E5 /* Storyboards */,
				26DD4660215FEB30000B10E5 /* Supporting Files */,
				26DD4655215FEAF6000B10E5 /* Assets.xcassets */,
			);
			path = "theia-ios";
			sourceTree = "<group>";
		};
		26DD4660215FEB30000B10E5 /* Supporting Files */ = {
			isa = PBXGroup;
			children = (
				26DD4661215FEB92000B10E5 /* Classes */,
				26DD465A215FEAF6000B10E5 /* Info.plist */,
				266E42E12218E1A70049CC41 /* GoogleService-Info.plist */,
				26DD4669215FEDAB000B10E5 /* Theia-Bridging-Header.h */,
			);
			path = "Supporting Files";
			sourceTree = "<group>";
		};
		26DD4661215FEB92000B10E5 /* Classes */ = {
			isa = PBXGroup;
			children = (
				26DD464E215FEAF5000B10E5 /* AppDelegate.swift */,
			);
			path = Classes;
			sourceTree = "<group>";
		};
		26DD4662215FEB99000B10E5 /* Controllers */ = {
			isa = PBXGroup;
			children = (
				26DD4668215FED6B000B10E5 /* Main */,
			);
			path = Controllers;
			sourceTree = "<group>";
		};
		26DD4663215FEBA3000B10E5 /* Storyboards */ = {
			isa = PBXGroup;
			children = (
				26DD4652215FEAF5000B10E5 /* Main.storyboard */,
				26DD4657215FEAF6000B10E5 /* LaunchScreen.storyboard */,
			);
			path = Storyboards;
			sourceTree = "<group>";
		};
		26DD4668215FED6B000B10E5 /* Main */ = {
			isa = PBXGroup;
			children = (
				269A281521C2CAE60001A4C4 /* MainViewController */,
				269A281621C2CAF30001A4C4 /* ProcessingViewController */,
				2667937722451C05005BB02A /* ColorLabellingViewController.swift */,
				2671BC8C2217ACA40020E964 /* CurrencyLabellingViewController.swift */,
				264CF38A219A3FBE008535B1 /* ImageLabellingViewController.swift */,
				26AFCA0F219DD486005F89AF /* TextRecognitionViewController.swift */,
			);
			path = Main;
			sourceTree = "<group>";
		};
		26DD466A215FF5D7000B10E5 /* Helpers */ = {
			isa = PBXGroup;
			children = (
				26B07E832231ED40002F831C /* THColor.swift */,
				2635653321C031A1007BAF67 /* THKey.swift */,
				26B57707219C998400CEACB8 /* THUtilities.swift */,
			);
			path = Helpers;
			sourceTree = "<group>";
		};
		26ED167A221855D300B4BB9D /* Resources */ = {
			isa = PBXGroup;
			children = (
				2657DCB3219D9688009020CB /* Fonts */,
				26FED949218742B700D1D655 /* LottieFiles */,
				26ED167B2218574600B4BB9D /* MLModels */,
			);
			path = Resources;
			sourceTree = "<group>";
		};
		26ED167B2218574600B4BB9D /* MLModels */ = {
			isa = PBXGroup;
			children = (
				262477E022284F050092D234 /* LBPClassifier.mlmodel */,
			);
			path = MLModels;
			sourceTree = "<group>";
		};
		26FED949218742B700D1D655 /* LottieFiles */ = {
			isa = PBXGroup;
			children = (
				26E8A31B2229FD4700ADF971 /* voice.json */,
			);
			path = LottieFiles;
			sourceTree = "<group>";
		};
		41476F3E6147AC16699880AC /* Pods */ = {
			isa = PBXGroup;
			children = (
				3AC851D2D4756778F8EB74B5 /* Pods-theia-ios.debug.xcconfig */,
				8D8D14B55606F86F56B626DC /* Pods-theia-ios.release.xcconfig */,
			);
			path = Pods;
			sourceTree = "<group>";
		};
		F931E9D7830062CDCC0BA7E0 /* Frameworks */ = {
			isa = PBXGroup;
			children = (
				8521DE27C616EDEEBB804FCA /* Pods_theia_ios.framework */,
			);
			name = Frameworks;
			sourceTree = "<group>";
		};
/* End PBXGroup section */

/* Begin PBXNativeTarget section */
		26DD464A215FEAF5000B10E5 /* theia-ios */ = {
			isa = PBXNativeTarget;
			buildConfigurationList = 26DD465D215FEAF6000B10E5 /* Build configuration list for PBXNativeTarget "theia-ios" */;
			buildPhases = (
				6CE265CFCB1BEEB8626B1BBF /* [CP] Check Pods Manifest.lock */,
				26916CEE21A2445400239DA8 /* Embed App Extensions */,
				26DD4647215FEAF5000B10E5 /* Sources */,
				26DD4648215FEAF5000B10E5 /* Frameworks */,
				26DD4649215FEAF5000B10E5 /* Resources */,
				2610498921BBC796003ED351 /* Fabric */,
				26916CF021A244B200239DA8 /* Warnings */,
				225E0D126E0DCD01D01C7F6B /* [CP] Embed Pods Frameworks */,
				7AA7B6AD644AB38E7B01DA64 /* [CP] Copy Pods Resources */,
			);
			buildRules = (
			);
			dependencies = (
			);
			name = "theia-ios";
			productName = "theia-ios";
			productReference = 26DD464B215FEAF5000B10E5 /* theia-ios.app */;
			productType = "com.apple.product-type.application";
		};
/* End PBXNativeTarget section */

/* Begin PBXProject section */
		26DD4643215FEAF5000B10E5 /* Project object */ = {
			isa = PBXProject;
			attributes = {
				LastSwiftUpdateCheck = 1010;
				LastUpgradeCheck = 1000;
				ORGANIZATIONNAME = "Jad Ghadry";
				TargetAttributes = {
					26DD464A215FEAF5000B10E5 = {
						CreatedOnToolsVersion = 10.0;
					};
				};
			};
			buildConfigurationList = 26DD4646215FEAF5000B10E5 /* Build configuration list for PBXProject "theia-ios" */;
			compatibilityVersion = "Xcode 9.3";
			developmentRegion = en;
			hasScannedForEncodings = 0;
			knownRegions = (
				en,
				Base,
			);
			mainGroup = 26DD4642215FEAF5000B10E5;
			productRefGroup = 26DD464C215FEAF5000B10E5 /* Products */;
			projectDirPath = "";
			projectRoot = "";
			targets = (
				26DD464A215FEAF5000B10E5 /* theia-ios */,
			);
		};
/* End PBXProject section */

/* Begin PBXResourcesBuildPhase section */
		26DD4649215FEAF5000B10E5 /* Resources */ = {
			isa = PBXResourcesBuildPhase;
			buildActionMask = 2147483647;
			files = (
				26DD4659215FEAF6000B10E5 /* LaunchScreen.storyboard in Resources */,
				2657DCC1219D9B7A009020CB /* Nunito-Regular.ttf in Resources */,
				2657DCC2219D9B7A009020CB /* Nunito-SemiBold.ttf in Resources */,
				26DD4656215FEAF6000B10E5 /* Assets.xcassets in Resources */,
				2657DCBF219D9B7A009020CB /* Nunito-Bold.ttf in Resources */,
				266E42E22218E1A70049CC41 /* GoogleService-Info.plist in Resources */,
				26DD4654215FEAF5000B10E5 /* Main.storyboard in Resources */,
				2657DCC0219D9B7A009020CB /* Nunito-ExtraBold.ttf in Resources */,
				26E8A31C2229FD4700ADF971 /* voice.json in Resources */,
			);
			runOnlyForDeploymentPostprocessing = 0;
		};
/* End PBXResourcesBuildPhase section */

/* Begin PBXShellScriptBuildPhase section */
		225E0D126E0DCD01D01C7F6B /* [CP] Embed Pods Frameworks */ = {
			isa = PBXShellScriptBuildPhase;
			buildActionMask = 2147483647;
			files = (
			);
			inputFileListPaths = (
			);
			inputPaths = (
				"${PODS_ROOT}/Target Support Files/Pods-theia-ios/Pods-theia-ios-frameworks.sh",
				"${BUILT_PRODUCTS_DIR}/BulletinBoard/BLTNBoard.framework",
				"${BUILT_PRODUCTS_DIR}/GTMSessionFetcher/GTMSessionFetcher.framework",
				"${BUILT_PRODUCTS_DIR}/GoogleAPIClientForREST/GoogleAPIClientForREST.framework",
				"${BUILT_PRODUCTS_DIR}/GoogleToolboxForMac/GoogleToolboxForMac.framework",
				"${BUILT_PRODUCTS_DIR}/GoogleUtilities/GoogleUtilities.framework",
				"${BUILT_PRODUCTS_DIR}/IBAnimatable/IBAnimatable.framework",
				"${BUILT_PRODUCTS_DIR}/IQKeyboardManager/IQKeyboardManager.framework",
				"${BUILT_PRODUCTS_DIR}/JGFramework/JGFramework.framework",
				"${BUILT_PRODUCTS_DIR}/Kingfisher/Kingfisher.framework",
				"${BUILT_PRODUCTS_DIR}/Protobuf/Protobuf.framework",
				"${BUILT_PRODUCTS_DIR}/lottie-ios/Lottie.framework",
				"${BUILT_PRODUCTS_DIR}/nanopb/nanopb.framework",
			);
			name = "[CP] Embed Pods Frameworks";
			outputFileListPaths = (
			);
			outputPaths = (
				"${TARGET_BUILD_DIR}/${FRAMEWORKS_FOLDER_PATH}/BLTNBoard.framework",
				"${TARGET_BUILD_DIR}/${FRAMEWORKS_FOLDER_PATH}/GTMSessionFetcher.framework",
				"${TARGET_BUILD_DIR}/${FRAMEWORKS_FOLDER_PATH}/GoogleAPIClientForREST.framework",
				"${TARGET_BUILD_DIR}/${FRAMEWORKS_FOLDER_PATH}/GoogleToolboxForMac.framework",
				"${TARGET_BUILD_DIR}/${FRAMEWORKS_FOLDER_PATH}/GoogleUtilities.framework",
				"${TARGET_BUILD_DIR}/${FRAMEWORKS_FOLDER_PATH}/IBAnimatable.framework",
				"${TARGET_BUILD_DIR}/${FRAMEWORKS_FOLDER_PATH}/IQKeyboardManager.framework",
				"${TARGET_BUILD_DIR}/${FRAMEWORKS_FOLDER_PATH}/JGFramework.framework",
				"${TARGET_BUILD_DIR}/${FRAMEWORKS_FOLDER_PATH}/Kingfisher.framework",
				"${TARGET_BUILD_DIR}/${FRAMEWORKS_FOLDER_PATH}/Protobuf.framework",
				"${TARGET_BUILD_DIR}/${FRAMEWORKS_FOLDER_PATH}/Lottie.framework",
				"${TARGET_BUILD_DIR}/${FRAMEWORKS_FOLDER_PATH}/nanopb.framework",
			);
			runOnlyForDeploymentPostprocessing = 0;
			shellPath = /bin/sh;
			shellScript = "\"${PODS_ROOT}/Target Support Files/Pods-theia-ios/Pods-theia-ios-frameworks.sh\"\n";
			showEnvVarsInLog = 0;
		};
		2610498921BBC796003ED351 /* Fabric */ = {
			isa = PBXShellScriptBuildPhase;
			buildActionMask = 2147483647;
			files = (
			);
			inputFileListPaths = (
			);
			inputPaths = (
				"$(BUILT_PRODUCTS_DIR)/$(INFOPLIST_PATH)",
			);
			name = Fabric;
			outputFileListPaths = (
			);
			outputPaths = (
			);
			runOnlyForDeploymentPostprocessing = 0;
			shellPath = /bin/sh;
			shellScript = "# Type a script or drag a script file from your workspace to insert its path.\n\"${PODS_ROOT}/Fabric/run\"\n";
		};
		26916CF021A244B200239DA8 /* Warnings */ = {
			isa = PBXShellScriptBuildPhase;
			buildActionMask = 2147483647;
			files = (
			);
			inputFileListPaths = (
			);
			inputPaths = (
			);
			name = Warnings;
			outputFileListPaths = (
			);
			outputPaths = (
			);
			runOnlyForDeploymentPostprocessing = 0;
			shellPath = /bin/sh;
			shellScript = "TAGS=\"WARNING:\"\necho \"searching ${SRCROOT} for ${TAGS}\"\nfind \"${SRCROOT}\" \\( -name \"*.swift\" \\) -print0 | xargs -0 egrep --with-filename --line-number --only-matching \"($TAGS).*\\$\" | perl -p -e \"s/($TAGS)/ warning: \\$1/\"\n";
		};
		6CE265CFCB1BEEB8626B1BBF /* [CP] Check Pods Manifest.lock */ = {
			isa = PBXShellScriptBuildPhase;
			buildActionMask = 2147483647;
			files = (
			);
			inputFileListPaths = (
			);
			inputPaths = (
				"${PODS_PODFILE_DIR_PATH}/Podfile.lock",
				"${PODS_ROOT}/Manifest.lock",
			);
			name = "[CP] Check Pods Manifest.lock";
			outputFileListPaths = (
			);
			outputPaths = (
				"$(DERIVED_FILE_DIR)/Pods-theia-ios-checkManifestLockResult.txt",
			);
			runOnlyForDeploymentPostprocessing = 0;
			shellPath = /bin/sh;
			shellScript = "diff \"${PODS_PODFILE_DIR_PATH}/Podfile.lock\" \"${PODS_ROOT}/Manifest.lock\" > /dev/null\nif [ $? != 0 ] ; then\n    # print error to STDERR\n    echo \"error: The sandbox is not in sync with the Podfile.lock. Run 'pod install' or update your CocoaPods installation.\" >&2\n    exit 1\nfi\n# This output is used by Xcode 'outputs' to avoid re-running this script phase.\necho \"SUCCESS\" > \"${SCRIPT_OUTPUT_FILE_0}\"\n";
			showEnvVarsInLog = 0;
		};
		7AA7B6AD644AB38E7B01DA64 /* [CP] Copy Pods Resources */ = {
			isa = PBXShellScriptBuildPhase;
			buildActionMask = 2147483647;
			files = (
			);
			inputFileListPaths = (
			);
			inputPaths = (
				"${PODS_ROOT}/Target Support Files/Pods-theia-ios/Pods-theia-ios-resources.sh",
				"${PODS_CONFIGURATION_BUILD_DIR}/GoogleMobileVision/GoogleMVTextDetectorResources.bundle",
			);
			name = "[CP] Copy Pods Resources";
			outputFileListPaths = (
			);
			outputPaths = (
				"${TARGET_BUILD_DIR}/${UNLOCALIZED_RESOURCES_FOLDER_PATH}/GoogleMVTextDetectorResources.bundle",
			);
			runOnlyForDeploymentPostprocessing = 0;
			shellPath = /bin/sh;
			shellScript = "\"${PODS_ROOT}/Target Support Files/Pods-theia-ios/Pods-theia-ios-resources.sh\"\n";
			showEnvVarsInLog = 0;
		};
/* End PBXShellScriptBuildPhase section */

/* Begin PBXSourcesBuildPhase section */
		26DD4647215FEAF5000B10E5 /* Sources */ = {
			isa = PBXSourcesBuildPhase;
			buildActionMask = 2147483647;
			files = (
				2604F82622273BAB00582707 /* ProcessingViewController+FrameExtractor.swift in Sources */,
				2667937822451C05005BB02A /* ColorLabellingViewController.swift in Sources */,
				269A281721C2D0C00001A4C4 /* ProcessingViewController+Gestures.swift in Sources */,
				26B07E822231EA2A002F831C /* MainViewController+Onboarding.swift in Sources */,
				26360D2C218DFD4600565EBA /* THSpeechSynthesizer.swift in Sources */,
				2657DA5E2188664800F45147 /* MainViewController+Commands.swift in Sources */,
				266C6AC821C5A6C000B52E8A /* String.swift in Sources */,
				261928182189B68B001734BD /* MainViewController+SpeechToText.swift in Sources */,
				264CF38B219A3FBE008535B1 /* ImageLabellingViewController.swift in Sources */,
				2636340E219622190026E463 /* THFrameExtractor.swift in Sources */,
				2671BC8D2217ACA40020E964 /* CurrencyLabellingViewController.swift in Sources */,
				2635653421C031A1007BAF67 /* THKey.swift in Sources */,
				26B57708219C998400CEACB8 /* THUtilities.swift in Sources */,
				26DD464F215FEAF5000B10E5 /* AppDelegate.swift in Sources */,
				26B07E842231ED40002F831C /* THColor.swift in Sources */,
				262477E122284F050092D234 /* LBPClassifier.mlmodel in Sources */,
				26AFCA10219DD486005F89AF /* TextRecognitionViewController.swift in Sources */,
				26DD4667215FED65000B10E5 /* MainViewController.swift in Sources */,
				262C778F2227F84900E402BF /* CGImagePropertyOrientation.swift in Sources */,
				26AFCA0E219DCD33005F89AF /* ProcessingViewController.swift in Sources */,
			);
			runOnlyForDeploymentPostprocessing = 0;
		};
/* End PBXSourcesBuildPhase section */

/* Begin PBXVariantGroup section */
		26DD4652215FEAF5000B10E5 /* Main.storyboard */ = {
			isa = PBXVariantGroup;
			children = (
				26DD4653215FEAF5000B10E5 /* Base */,
			);
			name = Main.storyboard;
			sourceTree = "<group>";
		};
		26DD4657215FEAF6000B10E5 /* LaunchScreen.storyboard */ = {
			isa = PBXVariantGroup;
			children = (
				26DD4658215FEAF6000B10E5 /* Base */,
			);
			name = LaunchScreen.storyboard;
			sourceTree = "<group>";
		};
/* End PBXVariantGroup section */

/* Begin XCBuildConfiguration section */
		26DD465B215FEAF6000B10E5 /* Debug */ = {
			isa = XCBuildConfiguration;
			buildSettings = {
				ALWAYS_SEARCH_USER_PATHS = NO;
				CLANG_ANALYZER_NONNULL = YES;
				CLANG_ANALYZER_NUMBER_OBJECT_CONVERSION = YES_AGGRESSIVE;
				CLANG_CXX_LANGUAGE_STANDARD = "gnu++14";
				CLANG_CXX_LIBRARY = "libc++";
				CLANG_ENABLE_MODULES = YES;
				CLANG_ENABLE_OBJC_ARC = YES;
				CLANG_ENABLE_OBJC_WEAK = YES;
				CLANG_WARN_BLOCK_CAPTURE_AUTORELEASING = YES;
				CLANG_WARN_BOOL_CONVERSION = YES;
				CLANG_WARN_COMMA = YES;
				CLANG_WARN_CONSTANT_CONVERSION = YES;
				CLANG_WARN_DEPRECATED_OBJC_IMPLEMENTATIONS = YES;
				CLANG_WARN_DIRECT_OBJC_ISA_USAGE = YES_ERROR;
				CLANG_WARN_DOCUMENTATION_COMMENTS = YES;
				CLANG_WARN_EMPTY_BODY = YES;
				CLANG_WARN_ENUM_CONVERSION = YES;
				CLANG_WARN_INFINITE_RECURSION = YES;
				CLANG_WARN_INT_CONVERSION = YES;
				CLANG_WARN_NON_LITERAL_NULL_CONVERSION = YES;
				CLANG_WARN_OBJC_IMPLICIT_RETAIN_SELF = YES;
				CLANG_WARN_OBJC_LITERAL_CONVERSION = YES;
				CLANG_WARN_OBJC_ROOT_CLASS = YES_ERROR;
				CLANG_WARN_RANGE_LOOP_ANALYSIS = YES;
				CLANG_WARN_STRICT_PROTOTYPES = YES;
				CLANG_WARN_SUSPICIOUS_MOVE = YES;
				CLANG_WARN_UNGUARDED_AVAILABILITY = YES_AGGRESSIVE;
				CLANG_WARN_UNREACHABLE_CODE = YES;
				CLANG_WARN__DUPLICATE_METHOD_MATCH = YES;
				CODE_SIGN_IDENTITY = "iPhone Developer";
				COPY_PHASE_STRIP = NO;
				DEBUG_INFORMATION_FORMAT = dwarf;
				ENABLE_STRICT_OBJC_MSGSEND = YES;
				ENABLE_TESTABILITY = YES;
				GCC_C_LANGUAGE_STANDARD = gnu11;
				GCC_DYNAMIC_NO_PIC = NO;
				GCC_NO_COMMON_BLOCKS = YES;
				GCC_OPTIMIZATION_LEVEL = 0;
				GCC_PREPROCESSOR_DEFINITIONS = (
					"DEBUG=1",
					"$(inherited)",
				);
				GCC_WARN_64_TO_32_BIT_CONVERSION = YES;
				GCC_WARN_ABOUT_RETURN_TYPE = YES_ERROR;
				GCC_WARN_UNDECLARED_SELECTOR = YES;
				GCC_WARN_UNINITIALIZED_AUTOS = YES_AGGRESSIVE;
				GCC_WARN_UNUSED_FUNCTION = YES;
				GCC_WARN_UNUSED_VARIABLE = YES;
				IPHONEOS_DEPLOYMENT_TARGET = 12.0;
				MTL_ENABLE_DEBUG_INFO = INCLUDE_SOURCE;
				MTL_FAST_MATH = YES;
				ONLY_ACTIVE_ARCH = YES;
				SDKROOT = iphoneos;
				SWIFT_ACTIVE_COMPILATION_CONDITIONS = DEBUG;
				SWIFT_OPTIMIZATION_LEVEL = "-Onone";
			};
			name = Debug;
		};
		26DD465C215FEAF6000B10E5 /* Release */ = {
			isa = XCBuildConfiguration;
			buildSettings = {
				ALWAYS_SEARCH_USER_PATHS = NO;
				CLANG_ANALYZER_NONNULL = YES;
				CLANG_ANALYZER_NUMBER_OBJECT_CONVERSION = YES_AGGRESSIVE;
				CLANG_CXX_LANGUAGE_STANDARD = "gnu++14";
				CLANG_CXX_LIBRARY = "libc++";
				CLANG_ENABLE_MODULES = YES;
				CLANG_ENABLE_OBJC_ARC = YES;
				CLANG_ENABLE_OBJC_WEAK = YES;
				CLANG_WARN_BLOCK_CAPTURE_AUTORELEASING = YES;
				CLANG_WARN_BOOL_CONVERSION = YES;
				CLANG_WARN_COMMA = YES;
				CLANG_WARN_CONSTANT_CONVERSION = YES;
				CLANG_WARN_DEPRECATED_OBJC_IMPLEMENTATIONS = YES;
				CLANG_WARN_DIRECT_OBJC_ISA_USAGE = YES_ERROR;
				CLANG_WARN_DOCUMENTATION_COMMENTS = YES;
				CLANG_WARN_EMPTY_BODY = YES;
				CLANG_WARN_ENUM_CONVERSION = YES;
				CLANG_WARN_INFINITE_RECURSION = YES;
				CLANG_WARN_INT_CONVERSION = YES;
				CLANG_WARN_NON_LITERAL_NULL_CONVERSION = YES;
				CLANG_WARN_OBJC_IMPLICIT_RETAIN_SELF = YES;
				CLANG_WARN_OBJC_LITERAL_CONVERSION = YES;
				CLANG_WARN_OBJC_ROOT_CLASS = YES_ERROR;
				CLANG_WARN_RANGE_LOOP_ANALYSIS = YES;
				CLANG_WARN_STRICT_PROTOTYPES = YES;
				CLANG_WARN_SUSPICIOUS_MOVE = YES;
				CLANG_WARN_UNGUARDED_AVAILABILITY = YES_AGGRESSIVE;
				CLANG_WARN_UNREACHABLE_CODE = YES;
				CLANG_WARN__DUPLICATE_METHOD_MATCH = YES;
				CODE_SIGN_IDENTITY = "iPhone Developer";
				COPY_PHASE_STRIP = NO;
				DEBUG_INFORMATION_FORMAT = "dwarf-with-dsym";
				ENABLE_NS_ASSERTIONS = NO;
				ENABLE_STRICT_OBJC_MSGSEND = YES;
				GCC_C_LANGUAGE_STANDARD = gnu11;
				GCC_NO_COMMON_BLOCKS = YES;
				GCC_WARN_64_TO_32_BIT_CONVERSION = YES;
				GCC_WARN_ABOUT_RETURN_TYPE = YES_ERROR;
				GCC_WARN_UNDECLARED_SELECTOR = YES;
				GCC_WARN_UNINITIALIZED_AUTOS = YES_AGGRESSIVE;
				GCC_WARN_UNUSED_FUNCTION = YES;
				GCC_WARN_UNUSED_VARIABLE = YES;
				IPHONEOS_DEPLOYMENT_TARGET = 12.0;
				MTL_ENABLE_DEBUG_INFO = NO;
				MTL_FAST_MATH = YES;
				SDKROOT = iphoneos;
				SWIFT_COMPILATION_MODE = wholemodule;
				SWIFT_OPTIMIZATION_LEVEL = "-O";
				VALIDATE_PRODUCT = YES;
			};
			name = Release;
		};
		26DD465E215FEAF6000B10E5 /* Debug */ = {
			isa = XCBuildConfiguration;
			baseConfigurationReference = 3AC851D2D4756778F8EB74B5 /* Pods-theia-ios.debug.xcconfig */;
			buildSettings = {
				ASSETCATALOG_COMPILER_APPICON_NAME = AppIcon;
				CODE_SIGN_STYLE = Automatic;
				DEBUG_INFORMATION_FORMAT = "dwarf-with-dsym";
				DEVELOPMENT_TEAM = 48SVPGJ6XG;
				INFOPLIST_FILE = "$(SRCROOT)/$(PROJECT_NAME)/Supporting Files/Info.plist";
				IPHONEOS_DEPLOYMENT_TARGET = 10.0;
				LD_RUNPATH_SEARCH_PATHS = (
					"$(inherited)",
					"@executable_path/Frameworks",
				);
				PRODUCT_BUNDLE_IDENTIFIER = "com.jadghadry.theia-ios";
				PRODUCT_NAME = "$(TARGET_NAME)";
				SWIFT_OBJC_BRIDGING_HEADER = "$(SRCROOT)/$(PROJECT_NAME)/Supporting Files/Theia-Bridging-Header.h";
				SWIFT_VERSION = 4.2;
				TARGETED_DEVICE_FAMILY = 1;
			};
			name = Debug;
		};
		26DD465F215FEAF6000B10E5 /* Release */ = {
			isa = XCBuildConfiguration;
			baseConfigurationReference = 8D8D14B55606F86F56B626DC /* Pods-theia-ios.release.xcconfig */;
			buildSettings = {
				ASSETCATALOG_COMPILER_APPICON_NAME = AppIcon;
				CODE_SIGN_STYLE = Automatic;
				DEBUG_INFORMATION_FORMAT = "dwarf-with-dsym";
				DEVELOPMENT_TEAM = 48SVPGJ6XG;
				INFOPLIST_FILE = "$(SRCROOT)/$(PROJECT_NAME)/Supporting Files/Info.plist";
				IPHONEOS_DEPLOYMENT_TARGET = 10.0;
				LD_RUNPATH_SEARCH_PATHS = (
					"$(inherited)",
					"@executable_path/Frameworks",
				);
				PRODUCT_BUNDLE_IDENTIFIER = "com.jadghadry.theia-ios";
				PRODUCT_NAME = "$(TARGET_NAME)";
				SWIFT_OBJC_BRIDGING_HEADER = "$(SRCROOT)/$(PROJECT_NAME)/Supporting Files/Theia-Bridging-Header.h";
				SWIFT_VERSION = 4.2;
				TARGETED_DEVICE_FAMILY = 1;
			};
			name = Release;
		};
/* End XCBuildConfiguration section */

/* Begin XCConfigurationList section */
		26DD4646215FEAF5000B10E5 /* Build configuration list for PBXProject "theia-ios" */ = {
			isa = XCConfigurationList;
			buildConfigurations = (
				26DD465B215FEAF6000B10E5 /* Debug */,
				26DD465C215FEAF6000B10E5 /* Release */,
			);
			defaultConfigurationIsVisible = 0;
			defaultConfigurationName = Release;
		};
		26DD465D215FEAF6000B10E5 /* Build configuration list for PBXNativeTarget "theia-ios" */ = {
			isa = XCConfigurationList;
			buildConfigurations = (
				26DD465E215FEAF6000B10E5 /* Debug */,
				26DD465F215FEAF6000B10E5 /* Release */,
			);
			defaultConfigurationIsVisible = 0;
			defaultConfigurationName = Release;
		};
/* End XCConfigurationList section */
	};
	rootObject = 26DD4643215FEAF5000B10E5 /* Project object */;
}
